
Microsoft Visual Studio Solution File, Format Version 12.00
# Visual Studio Version 17
VisualStudioVersion = 17.1.32120.378
MinimumVisualStudioVersion = 10.0.40219.1
Project("{FAE04EC0-301F-11D3-BF4B-00C04F79EFBC}") = "BlazorWasmPipeline", "BlazorWasmPipeline\BlazorWasmPipeline.csproj", "{0A47A3A9-08D0-4808-9495-C13FCBF81FC0}"
EndProject
Global
	GlobalSection(SolutionConfigurationPlatforms) = preSolution
		Debug|Any CPU = Debug|Any CPU
		Release|Any CPU = Release|Any CPU
	EndGlobalSection
	GlobalSection(ProjectConfigurationPlatforms) = postSolution
		{0A47A3A9-08D0-4808-9495-C13FCBF81FC0}.Debug|Any CPU.ActiveCfg = Debug|Any CPU
		{0A47A3A9-08D0-4808-9495-C13FCBF81FC0}.Debug|Any CPU.Build.0 = Debug|Any CPU
		{0A47A3A9-08D0-4808-9495-C13FCBF81FC0}.Release|Any CPU.ActiveCfg = Release|Any CPU
		{0A47A3A9-08D0-4808-9495-C13FCBF81FC0}.Release|Any CPU.Build.0 = Release|Any CPU
	EndGlobalSection
	GlobalSection(SolutionProperties) = preSolution
		HideSolutionNode = FALSE
	EndGlobalSection
	GlobalSection(ExtensibilityGlobals) = postSolution
		SolutionGuid = {5E8AEE98-8A3E-4665-846F-AFE50CB7FAEE}
	EndGlobalSection
EndGlobal
